
Microsoft Visual Studio Solution File, Format Version 12.00
# Visual Studio Version 17
VisualStudioVersion = 17.3.32929.385
MinimumVisualStudioVersion = 10.0.40219.1
Project("{FAE04EC0-301F-11D3-BF4B-00C04F79EFBC}") = "IoTDevice", "IoTDevice\IoTDevice.csproj", "{63CD02DE-AAE6-4279-AB10-AFDF52BBB8C9}"
EndProject
Global
	GlobalSection(SolutionConfigurationPlatforms) = preSolution
		Debug|Any CPU = Debug|Any CPU
		Release|Any CPU = Release|Any CPU
	EndGlobalSection
	GlobalSection(ProjectConfigurationPlatforms) = postSolution
		{63CD02DE-AAE6-4279-AB10-AFDF52BBB8C9}.Debug|Any CPU.ActiveCfg = Debug|Any CPU
		{63CD02DE-AAE6-4279-AB10-AFDF52BBB8C9}.Debug|Any CPU.Build.0 = Debug|Any CPU
		{63CD02DE-AAE6-4279-AB10-AFDF52BBB8C9}.Release|Any CPU.ActiveCfg = Release|Any CPU
		{63CD02DE-AAE6-4279-AB10-AFDF52BBB8C9}.Release|Any CPU.Build.0 = Release|Any CPU
	EndGlobalSection
	GlobalSection(SolutionProperties) = preSolution
		HideSolutionNode = FALSE
	EndGlobalSection
	GlobalSection(ExtensibilityGlobals) = postSolution
		SolutionGuid = {4A4DCDBF-2139-455C-AE52-314A8A603C0A}
	EndGlobalSection
EndGlobal
